<Solution>
  <Project Path="Pixel-PerfectFogOfWar.csproj" />
  <Project Path="Assembly-CSharp.csproj" />
  <Project Path="UberWaterPlannerReflection.csproj" />
  <Project Path="Pixel-PerfectFogOfWarEditor.csproj" />
  <Project Path="Assembly-CSharp-Editor.csproj" />
  <Project Path="Pixel-PerfectFogOfWarDemos.csproj" />
  <Project Path="ShaderGraphVariables.csproj" />
  <Project Path="kTools.Mirrors.Runtime.csproj" />
  <Project Path="Pixel-PerfectFogOfWarURP.csproj" />
  <Project Path="kTools.Mirrors.Editor.csproj" />
</Solution>
